
Microsoft Visual Studio Solution File, Format Version 12.00
# Visual Studio Version 16
VisualStudioVersion = 16.0.30204.135
MinimumVisualStudioVersion = 10.0.40219.1
Project("{9A19103F-16F7-4668-BE54-9A1E7A4F7556}") = "01.DayOfWeek", "01.DayOfWeek\01.DayOfWeek.csproj", "{D9355E64-91C1-4112-8EA0-FB9B71FBEF3F}"
EndProject
Project("{9A19103F-16F7-4668-BE54-9A1E7A4F7556}") = "02.WeekendOrWorkingDay", "02.WeekendOrWorkingDay\02.WeekendOrWorkingDay.csproj", "{5CAAF51E-7BAA-4044-BC9C-ABAAC54CB87E}"
EndProject
Project("{9A19103F-16F7-4668-BE54-9A1E7A4F7556}") = "03.AnimalType", "03.AnimalType\03.AnimalType.csproj", "{4BEFF79A-AD22-4178-9C4F-297CCA81CD76}"
EndProject
Project("{9A19103F-16F7-4668-BE54-9A1E7A4F7556}") = "04.PersonalTitles", "04.PersonalTitles\04.PersonalTitles.csproj", "{EF57988E-F3DB-41F1-A7E2-84E80A5EAE91}"
EndProject
Project("{9A19103F-16F7-4668-BE54-9A1E7A4F7556}") = "05.SmallShop", "05.SmallShop\05.SmallShop.csproj", "{2BBED10F-18A1-4400-B600-C0FD73FF7D53}"
EndProject
Project("{9A19103F-16F7-4668-BE54-9A1E7A4F7556}") = "06.NumberInRange", "06.NumberInRange\06.NumberInRange.csproj", "{4492F5CC-C1DF-4598-8A11-C2B05774BEE5}"
EndProject
Project("{9A19103F-16F7-4668-BE54-9A1E7A4F7556}") = "07.WorkingHours", "07.WorkingHours\07.WorkingHours.csproj", "{F5588AB1-60AA-4BBE-AA59-89E1976CFA46}"
EndProject
Project("{9A19103F-16F7-4668-BE54-9A1E7A4F7556}") = "08.CinemaTicket", "08.CinemaTicket\08.CinemaTicket.csproj", "{E334D501-A318-4684-B032-5FEF40CB3191}"
EndProject
Project("{9A19103F-16F7-4668-BE54-9A1E7A4F7556}") = "09.FruitOrVegetable", "09.FruitOrVegetable\09.FruitOrVegetable.csproj", "{8842B718-747D-463E-B8FD-66C8059AAF0D}"
EndProject
Project("{9A19103F-16F7-4668-BE54-9A1E7A4F7556}") = "10.InvalidNumber", "10.InvalidNumber\10.InvalidNumber.csproj", "{E74546B7-D389-4506-B171-935613213F17}"
EndProject
Project("{9A19103F-16F7-4668-BE54-9A1E7A4F7556}") = "11.FruitShop", "11.FruitShop\11.FruitShop.csproj", "{B13CDD0A-BB39-4E2A-8A36-CFA37FB80046}"
EndProject
Project("{9A19103F-16F7-4668-BE54-9A1E7A4F7556}") = "12.TradeCommissions", "12.TradeCommissions\12.TradeCommissions.csproj", "{69A44A73-59C7-4BEE-B4FC-BAF698F2F95A}"
EndProject
Project("{FAE04EC0-301F-11D3-BF4B-00C04F79EFBC}") = "13.SkiTrip", "13.SkiTrip\13.SkiTrip.csproj", "{867D173D-3531-466E-88C7-5EC407EF693B}"
EndProject
Global
	GlobalSection(SolutionConfigurationPlatforms) = preSolution
		Debug|Any CPU = Debug|Any CPU
		Release|Any CPU = Release|Any CPU
	EndGlobalSection
	GlobalSection(ProjectConfigurationPlatforms) = postSolution
		{D9355E64-91C1-4112-8EA0-FB9B71FBEF3F}.Debug|Any CPU.ActiveCfg = Debug|Any CPU
		{D9355E64-91C1-4112-8EA0-FB9B71FBEF3F}.Debug|Any CPU.Build.0 = Debug|Any CPU
		{D9355E64-91C1-4112-8EA0-FB9B71FBEF3F}.Release|Any CPU.ActiveCfg = Release|Any CPU
		{D9355E64-91C1-4112-8EA0-FB9B71FBEF3F}.Release|Any CPU.Build.0 = Release|Any CPU
		{5CAAF51E-7BAA-4044-BC9C-ABAAC54CB87E}.Debug|Any CPU.ActiveCfg = Debug|Any CPU
		{5CAAF51E-7BAA-4044-BC9C-ABAAC54CB87E}.Debug|Any CPU.Build.0 = Debug|Any CPU
		{5CAAF51E-7BAA-4044-BC9C-ABAAC54CB87E}.Release|Any CPU.ActiveCfg = Release|Any CPU
		{5CAAF51E-7BAA-4044-BC9C-ABAAC54CB87E}.Release|Any CPU.Build.0 = Release|Any CPU
		{4BEFF79A-AD22-4178-9C4F-297CCA81CD76}.Debug|Any CPU.ActiveCfg = Debug|Any CPU
		{4BEFF79A-AD22-4178-9C4F-297CCA81CD76}.Debug|Any CPU.Build.0 = Debug|Any CPU
		{4BEFF79A-AD22-4178-9C4F-297CCA81CD76}.Release|Any CPU.ActiveCfg = Release|Any CPU
		{4BEFF79A-AD22-4178-9C4F-297CCA81CD76}.Release|Any CPU.Build.0 = Release|Any CPU
		{EF57988E-F3DB-41F1-A7E2-84E80A5EAE91}.Debug|Any CPU.ActiveCfg = Debug|Any CPU
		{EF57988E-F3DB-41F1-A7E2-84E80A5EAE91}.Debug|Any CPU.Build.0 = Debug|Any CPU
		{EF57988E-F3DB-41F1-A7E2-84E80A5EAE91}.Release|Any CPU.ActiveCfg = Release|Any CPU
		{EF57988E-F3DB-41F1-A7E2-84E80A5EAE91}.Release|Any CPU.Build.0 = Release|Any CPU
		{2BBED10F-18A1-4400-B600-C0FD73FF7D53}.Debug|Any CPU.ActiveCfg = Debug|Any CPU
		{2BBED10F-18A1-4400-B600-C0FD73FF7D53}.Debug|Any CPU.Build.0 = Debug|Any CPU
		{2BBED10F-18A1-4400-B600-C0FD73FF7D53}.Release|Any CPU.ActiveCfg = Release|Any CPU
		{2BBED10F-18A1-4400-B600-C0FD73FF7D53}.Release|Any CPU.Build.0 = Release|Any CPU
		{4492F5CC-C1DF-4598-8A11-C2B05774BEE5}.Debug|Any CPU.ActiveCfg = Debug|Any CPU
		{4492F5CC-C1DF-4598-8A11-C2B05774BEE5}.Debug|Any CPU.Build.0 = Debug|Any CPU
		{4492F5CC-C1DF-4598-8A11-C2B05774BEE5}.Release|Any CPU.ActiveCfg = Release|Any CPU
		{4492F5CC-C1DF-4598-8A11-C2B05774BEE5}.Release|Any CPU.Build.0 = Release|Any CPU
		{F5588AB1-60AA-4BBE-AA59-89E1976CFA46}.Debug|Any CPU.ActiveCfg = Debug|Any CPU
		{F5588AB1-60AA-4BBE-AA59-89E1976CFA46}.Debug|Any CPU.Build.0 = Debug|Any CPU
		{F5588AB1-60AA-4BBE-AA59-89E1976CFA46}.Release|Any CPU.ActiveCfg = Release|Any CPU
		{F5588AB1-60AA-4BBE-AA59-89E1976CFA46}.Release|Any CPU.Build.0 = Release|Any CPU
		{E334D501-A318-4684-B032-5FEF40CB3191}.Debug|Any CPU.ActiveCfg = Debug|Any CPU
		{E334D501-A318-4684-B032-5FEF40CB3191}.Debug|Any CPU.Build.0 = Debug|Any CPU
		{E334D501-A318-4684-B032-5FEF40CB3191}.Release|Any CPU.ActiveCfg = Release|Any CPU
		{E334D501-A318-4684-B032-5FEF40CB3191}.Release|Any CPU.Build.0 = Release|Any CPU
		{8842B718-747D-463E-B8FD-66C8059AAF0D}.Debug|Any CPU.ActiveCfg = Debug|Any CPU
		{8842B718-747D-463E-B8FD-66C8059AAF0D}.Debug|Any CPU.Build.0 = Debug|Any CPU
		{8842B718-747D-463E-B8FD-66C8059AAF0D}.Release|Any CPU.ActiveCfg = Release|Any CPU
		{8842B718-747D-463E-B8FD-66C8059AAF0D}.Release|Any CPU.Build.0 = Release|Any CPU
		{E74546B7-D389-4506-B171-935613213F17}.Debug|Any CPU.ActiveCfg = Debug|Any CPU
		{E74546B7-D389-4506-B171-935613213F17}.Debug|Any CPU.Build.0 = Debug|Any CPU
		{E74546B7-D389-4506-B171-935613213F17}.Release|Any CPU.ActiveCfg = Release|Any CPU
		{E74546B7-D389-4506-B171-935613213F17}.Release|Any CPU.Build.0 = Release|Any CPU
		{B13CDD0A-BB39-4E2A-8A36-CFA37FB80046}.Debug|Any CPU.ActiveCfg = Debug|Any CPU
		{B13CDD0A-BB39-4E2A-8A36-CFA37FB80046}.Debug|Any CPU.Build.0 = Debug|Any CPU
		{B13CDD0A-BB39-4E2A-8A36-CFA37FB80046}.Release|Any CPU.ActiveCfg = Release|Any CPU
		{B13CDD0A-BB39-4E2A-8A36-CFA37FB80046}.Release|Any CPU.Build.0 = Release|Any CPU
		{69A44A73-59C7-4BEE-B4FC-BAF698F2F95A}.Debug|Any CPU.ActiveCfg = Debug|Any CPU
		{69A44A73-59C7-4BEE-B4FC-BAF698F2F95A}.Debug|Any CPU.Build.0 = Debug|Any CPU
		{69A44A73-59C7-4BEE-B4FC-BAF698F2F95A}.Release|Any CPU.ActiveCfg = Release|Any CPU
		{69A44A73-59C7-4BEE-B4FC-BAF698F2F95A}.Release|Any CPU.Build.0 = Release|Any CPU
		{867D173D-3531-466E-88C7-5EC407EF693B}.Debug|Any CPU.ActiveCfg = Debug|Any CPU
		{867D173D-3531-466E-88C7-5EC407EF693B}.Debug|Any CPU.Build.0 = Debug|Any CPU
		{867D173D-3531-466E-88C7-5EC407EF693B}.Release|Any CPU.ActiveCfg = Release|Any CPU
		{867D173D-3531-466E-88C7-5EC407EF693B}.Release|Any CPU.Build.0 = Release|Any CPU
	EndGlobalSection
	GlobalSection(SolutionProperties) = preSolution
		HideSolutionNode = FALSE
	EndGlobalSection
	GlobalSection(ExtensibilityGlobals) = postSolution
		SolutionGuid = {BF515C2B-8289-48F7-8C19-CED7A12F18E7}
	EndGlobalSection
EndGlobal
